
Microsoft Visual Studio Solution File, Format Version 12.00
# Visual Studio 2012
Project("{FAE04EC0-301F-11D3-BF4B-00C04F79EFBC}") = "CustomControl", "CustomControl\CustomControl.csproj", "{F74BA40D-BD32-4FAE-8228-5E8D9CA0A2F5}"
EndProject
Project("{FAE04EC0-301F-11D3-BF4B-00C04F79EFBC}") = "CustomControl.iOS", "iOS\CustomControl.iOS.csproj", "{0DB91783-31EC-4A5A-B600-891963FCB54A}"
EndProject
Project("{FAE04EC0-301F-11D3-BF4B-00C04F79EFBC}") = "CustomControl.Droid", "Droid\CustomControl.Droid.csproj", "{B58C5F74-D5AE-4DCA-928C-F3CADEAFC88A}"
EndProject
Global
	GlobalSection(SolutionConfigurationPlatforms) = preSolution
		Debug|Any CPU = Debug|Any CPU
		Release|Any CPU = Release|Any CPU
		Debug|iPhoneSimulator = Debug|iPhoneSimulator
		Release|iPhone = Release|iPhone
		Release|iPhoneSimulator = Release|iPhoneSimulator
		Debug|iPhone = Debug|iPhone
	EndGlobalSection
	GlobalSection(ProjectConfigurationPlatforms) = postSolution
		{F74BA40D-BD32-4FAE-8228-5E8D9CA0A2F5}.Debug|Any CPU.ActiveCfg = Debug|Any CPU
		{F74BA40D-BD32-4FAE-8228-5E8D9CA0A2F5}.Debug|Any CPU.Build.0 = Debug|Any CPU
		{F74BA40D-BD32-4FAE-8228-5E8D9CA0A2F5}.Release|Any CPU.ActiveCfg = Release|Any CPU
		{F74BA40D-BD32-4FAE-8228-5E8D9CA0A2F5}.Release|Any CPU.Build.0 = Release|Any CPU
		{F74BA40D-BD32-4FAE-8228-5E8D9CA0A2F5}.Debug|iPhoneSimulator.ActiveCfg = Debug|Any CPU
		{F74BA40D-BD32-4FAE-8228-5E8D9CA0A2F5}.Debug|iPhoneSimulator.Build.0 = Debug|Any CPU
		{F74BA40D-BD32-4FAE-8228-5E8D9CA0A2F5}.Release|iPhone.ActiveCfg = Release|Any CPU
		{F74BA40D-BD32-4FAE-8228-5E8D9CA0A2F5}.Release|iPhone.Build.0 = Release|Any CPU
		{F74BA40D-BD32-4FAE-8228-5E8D9CA0A2F5}.Release|iPhoneSimulator.ActiveCfg = Release|Any CPU
		{F74BA40D-BD32-4FAE-8228-5E8D9CA0A2F5}.Release|iPhoneSimulator.Build.0 = Release|Any CPU
		{F74BA40D-BD32-4FAE-8228-5E8D9CA0A2F5}.Debug|iPhone.ActiveCfg = Debug|Any CPU
		{F74BA40D-BD32-4FAE-8228-5E8D9CA0A2F5}.Debug|iPhone.Build.0 = Debug|Any CPU
		{0DB91783-31EC-4A5A-B600-891963FCB54A}.Debug|Any CPU.ActiveCfg = Debug|iPhoneSimulator
		{0DB91783-31EC-4A5A-B600-891963FCB54A}.Debug|Any CPU.Build.0 = Debug|iPhoneSimulator
		{0DB91783-31EC-4A5A-B600-891963FCB54A}.Release|Any CPU.ActiveCfg = Release|iPhone
		{0DB91783-31EC-4A5A-B600-891963FCB54A}.Release|Any CPU.Build.0 = Release|iPhone
		{0DB91783-31EC-4A5A-B600-891963FCB54A}.Debug|iPhoneSimulator.ActiveCfg = Debug|iPhoneSimulator
		{0DB91783-31EC-4A5A-B600-891963FCB54A}.Debug|iPhoneSimulator.Build.0 = Debug|iPhoneSimulator
		{0DB91783-31EC-4A5A-B600-891963FCB54A}.Release|iPhone.ActiveCfg = Release|iPhone
		{0DB91783-31EC-4A5A-B600-891963FCB54A}.Release|iPhone.Build.0 = Release|iPhone
		{0DB91783-31EC-4A5A-B600-891963FCB54A}.Release|iPhoneSimulator.ActiveCfg = Release|iPhoneSimulator
		{0DB91783-31EC-4A5A-B600-891963FCB54A}.Release|iPhoneSimulator.Build.0 = Release|iPhoneSimulator
		{0DB91783-31EC-4A5A-B600-891963FCB54A}.Debug|iPhone.ActiveCfg = Debug|iPhone
		{0DB91783-31EC-4A5A-B600-891963FCB54A}.Debug|iPhone.Build.0 = Debug|iPhone
		{B58C5F74-D5AE-4DCA-928C-F3CADEAFC88A}.Debug|Any CPU.ActiveCfg = Debug|Any CPU
		{B58C5F74-D5AE-4DCA-928C-F3CADEAFC88A}.Debug|Any CPU.Build.0 = Debug|Any CPU
		{B58C5F74-D5AE-4DCA-928C-F3CADEAFC88A}.Release|Any CPU.ActiveCfg = Release|Any CPU
		{B58C5F74-D5AE-4DCA-928C-F3CADEAFC88A}.Release|Any CPU.Build.0 = Release|Any CPU
		{B58C5F74-D5AE-4DCA-928C-F3CADEAFC88A}.Debug|iPhoneSimulator.ActiveCfg = Debug|Any CPU
		{B58C5F74-D5AE-4DCA-928C-F3CADEAFC88A}.Debug|iPhoneSimulator.Build.0 = Debug|Any CPU
		{B58C5F74-D5AE-4DCA-928C-F3CADEAFC88A}.Release|iPhone.ActiveCfg = Release|Any CPU
		{B58C5F74-D5AE-4DCA-928C-F3CADEAFC88A}.Release|iPhone.Build.0 = Release|Any CPU
		{B58C5F74-D5AE-4DCA-928C-F3CADEAFC88A}.Release|iPhoneSimulator.ActiveCfg = Release|Any CPU
		{B58C5F74-D5AE-4DCA-928C-F3CADEAFC88A}.Release|iPhoneSimulator.Build.0 = Release|Any CPU
		{B58C5F74-D5AE-4DCA-928C-F3CADEAFC88A}.Debug|iPhone.ActiveCfg = Debug|Any CPU
		{B58C5F74-D5AE-4DCA-928C-F3CADEAFC88A}.Debug|iPhone.Build.0 = Debug|Any CPU
	EndGlobalSection
EndGlobal
